{
	"name": "@ts-ss/parser",
	"version": "1.0.0-alpha.0",
	"lockfileVersion": 1,
	"requires": true,
	"dependencies": {
		"@ts-ss/ast": {
			"version": "1.0.0",
			"resolved": "https://registry.npmjs.org/@ts-ss/ast/-/ast-1.0.0.tgz",
			"integrity": "sha512-NTJMf4DcWSYsYvNFsypjBbLndsJDMM3T2DkT8vdI7HrZuzZUmNVQhBtKhi7gVfc7q23fCmaAOr2bbYKX5HDOOg=="
		},
		"tparser": {
			"version": "0.5.0",
			"resolved": "https://registry.npmjs.org/tparser/-/tparser-0.5.0.tgz",
			"integrity": "sha1-MnW54BH+8WFmNyk1vSN/EkcarY8="
		}
	}
}
